{
  "name": "fluffypong",
  "version": "1.0.0",
  "lockfileVersion": 2,
  "requires": true,
  "packages": {
    "": {
      "name": "fluffypong",
      "version": "1.0.0",
      "license": "ISC",
      "dependencies": {
        "ws": "^7.4.4"
      },
      "devDependencies": {
        "@types/node": "^14.14.31",
        "@types/ws": "^7.4.0"
      }
    },
    "node_modules/@types/node": {
      "version": "14.17.1",
      "resolved": "https://registry.npmjs.org/@types/node/-/node-14.17.1.tgz",
      "integrity": "sha512-/tpUyFD7meeooTRwl3sYlihx2BrJE7q9XF71EguPFIySj9B7qgnRtHsHTho+0AUm4m1SvWGm6uSncrR94q6Vtw==",
      "dev": true
    },
    "node_modules/@types/ws": {
      "version": "7.4.4",
      "resolved": "https://registry.npmjs.org/@types/ws/-/ws-7.4.4.tgz",
      "integrity": "sha512-d/7W23JAXPodQNbOZNXvl2K+bqAQrCMwlh/nuQsPSQk6Fq0opHoPrUw43aHsvSbIiQPr8Of2hkFbnz1XBFVyZQ==",
      "dev": true,
      "dependencies": {
        "@types/node": "*"
      }
    },
    "node_modules/ws": {
      "version": "7.4.6",
      "resolved": "https://registry.npmjs.org/ws/-/ws-7.4.6.tgz",
      "integrity": "sha512-YmhHDO4MzaDLB+M9ym/mDA5z0naX8j7SIlT8f8z+I0VtzsRbekxEutHSme7NPS2qE8StCYQNUnfWdXta/Yu85A==",
      "engines": {
        "node": ">=8.3.0"
      },
      "peerDependencies": {
        "bufferutil": "^4.0.1",
        "utf-8-validate": "^5.0.2"
      },
      "peerDependenciesMeta": {
        "bufferutil": {
          "optional": true
        },
        "utf-8-validate": {
          "optional": true
        }
      }
    }
  },
  "dependencies": {
    "@types/node": {
      "version": "14.17.1",
      "resolved": "https://registry.npmjs.org/@types/node/-/node-14.17.1.tgz",
      "integrity": "sha512-/tpUyFD7meeooTRwl3sYlihx2BrJE7q9XF71EguPFIySj9B7qgnRtHsHTho+0AUm4m1SvWGm6uSncrR94q6Vtw==",
      "dev": true
    },
    "@types/ws": {
      "version": "7.4.4",
      "resolved": "https://registry.npmjs.org/@types/ws/-/ws-7.4.4.tgz",
      "integrity": "sha512-d/7W23JAXPodQNbOZNXvl2K+bqAQrCMwlh/nuQsPSQk6Fq0opHoPrUw43aHsvSbIiQPr8Of2hkFbnz1XBFVyZQ==",
      "dev": true,
      "requires": {
        "@types/node": "*"
      }
    },
    "ws": {
      "version": "7.4.6",
      "resolved": "https://registry.npmjs.org/ws/-/ws-7.4.6.tgz",
      "integrity": "sha512-YmhHDO4MzaDLB+M9ym/mDA5z0naX8j7SIlT8f8z+I0VtzsRbekxEutHSme7NPS2qE8StCYQNUnfWdXta/Yu85A==",
      "requires": {}
    }
  }
}
